
Microsoft Visual Studio Solution File, Format Version 12.00
# Visual Studio Version 16
VisualStudioVersion = 16.0.30320.27
MinimumVisualStudioVersion = 10.0.40219.1
Project("{FAE04EC0-301F-11D3-BF4B-00C04F79EFBC}") = "NAS.ComicBookGallery.MVC", "NAS.ComicBookGallery.MVC\NAS.ComicBookGallery.MVC.csproj", "{1BC0701B-433C-47D8-9F31-0322D3F90826}"
EndProject
Global
	GlobalSection(SolutionConfigurationPlatforms) = preSolution
		Debug|Any CPU = Debug|Any CPU
		Release|Any CPU = Release|Any CPU
	EndGlobalSection
	GlobalSection(ProjectConfigurationPlatforms) = postSolution
		{1BC0701B-433C-47D8-9F31-0322D3F90826}.Debug|Any CPU.ActiveCfg = Debug|Any CPU
		{1BC0701B-433C-47D8-9F31-0322D3F90826}.Debug|Any CPU.Build.0 = Debug|Any CPU
		{1BC0701B-433C-47D8-9F31-0322D3F90826}.Release|Any CPU.ActiveCfg = Release|Any CPU
		{1BC0701B-433C-47D8-9F31-0322D3F90826}.Release|Any CPU.Build.0 = Release|Any CPU
	EndGlobalSection
	GlobalSection(SolutionProperties) = preSolution
		HideSolutionNode = FALSE
	EndGlobalSection
	GlobalSection(ExtensibilityGlobals) = postSolution
		SolutionGuid = {66A48798-A5AA-4689-871C-2D9EC233DE1C}
	EndGlobalSection
EndGlobal
